
Microsoft Visual Studio Solution File, Format Version 12.00
# Visual Studio Version 17
VisualStudioVersion = 17.0.32112.339
MinimumVisualStudioVersion = 10.0.40219.1
Project("{FAE04EC0-301F-11D3-BF4B-00C04F79EFBC}") = "Lezione_2", "Lezione_2\Lezione_2.csproj", "{691197E9-9B3A-44CA-B514-EA8F830251B0}"
EndProject
Global
	GlobalSection(SolutionConfigurationPlatforms) = preSolution
		Debug|Any CPU = Debug|Any CPU
		Release|Any CPU = Release|Any CPU
	EndGlobalSection
	GlobalSection(ProjectConfigurationPlatforms) = postSolution
		{691197E9-9B3A-44CA-B514-EA8F830251B0}.Debug|Any CPU.ActiveCfg = Debug|Any CPU
		{691197E9-9B3A-44CA-B514-EA8F830251B0}.Debug|Any CPU.Build.0 = Debug|Any CPU
		{691197E9-9B3A-44CA-B514-EA8F830251B0}.Release|Any CPU.ActiveCfg = Release|Any CPU
		{691197E9-9B3A-44CA-B514-EA8F830251B0}.Release|Any CPU.Build.0 = Release|Any CPU
	EndGlobalSection
	GlobalSection(SolutionProperties) = preSolution
		HideSolutionNode = FALSE
	EndGlobalSection
	GlobalSection(ExtensibilityGlobals) = postSolution
		SolutionGuid = {0C359315-30B8-44E1-9E85-4387213260FF}
	EndGlobalSection
EndGlobal
